
Microsoft Visual Studio Solution File, Format Version 12.00
# Visual Studio Version 17
VisualStudioVersion = 17.0.32014.148
MinimumVisualStudioVersion = 10.0.40219.1
Project("{FAE04EC0-301F-11D3-BF4B-00C04F79EFBC}") = "WindowsFormsApp1", "WindowsFormsApp1\WindowsFormsApp1.csproj", "{424EACAF-5183-4590-AC5C-EF8B4B7E2FA2}"
EndProject
Global
	GlobalSection(SolutionConfigurationPlatforms) = preSolution
		Debug|Any CPU = Debug|Any CPU
		Release|Any CPU = Release|Any CPU
	EndGlobalSection
	GlobalSection(ProjectConfigurationPlatforms) = postSolution
		{424EACAF-5183-4590-AC5C-EF8B4B7E2FA2}.Debug|Any CPU.ActiveCfg = Debug|Any CPU
		{424EACAF-5183-4590-AC5C-EF8B4B7E2FA2}.Debug|Any CPU.Build.0 = Debug|Any CPU
		{424EACAF-5183-4590-AC5C-EF8B4B7E2FA2}.Release|Any CPU.ActiveCfg = Release|Any CPU
		{424EACAF-5183-4590-AC5C-EF8B4B7E2FA2}.Release|Any CPU.Build.0 = Release|Any CPU
	EndGlobalSection
	GlobalSection(SolutionProperties) = preSolution
		HideSolutionNode = FALSE
	EndGlobalSection
	GlobalSection(ExtensibilityGlobals) = postSolution
		SolutionGuid = {E5DC3E6A-22D9-476E-A84C-CB075CFD998D}
	EndGlobalSection
EndGlobal
